
Microsoft Visual Studio Solution File, Format Version 12.00
# Visual Studio Version 16
VisualStudioVersion = 16.0.32929.386
MinimumVisualStudioVersion = 10.0.40219.1
Project("{FAE04EC0-301F-11D3-BF4B-00C04F79EFBC}") = "First-WPF-Project", "First-WPF-Project\First-WPF-Project.csproj", "{05E8E2F7-F6BD-474B-9990-639BFA4A96E9}"
EndProject
Global
	GlobalSection(SolutionConfigurationPlatforms) = preSolution
		Debug|Any CPU = Debug|Any CPU
		Release|Any CPU = Release|Any CPU
	EndGlobalSection
	GlobalSection(ProjectConfigurationPlatforms) = postSolution
		{05E8E2F7-F6BD-474B-9990-639BFA4A96E9}.Debug|Any CPU.ActiveCfg = Debug|Any CPU
		{05E8E2F7-F6BD-474B-9990-639BFA4A96E9}.Debug|Any CPU.Build.0 = Debug|Any CPU
		{05E8E2F7-F6BD-474B-9990-639BFA4A96E9}.Release|Any CPU.ActiveCfg = Release|Any CPU
		{05E8E2F7-F6BD-474B-9990-639BFA4A96E9}.Release|Any CPU.Build.0 = Release|Any CPU
	EndGlobalSection
	GlobalSection(SolutionProperties) = preSolution
		HideSolutionNode = FALSE
	EndGlobalSection
	GlobalSection(ExtensibilityGlobals) = postSolution
		SolutionGuid = {EB9DC677-6FC5-4E7E-A9C4-8821C707F8F3}
	EndGlobalSection
EndGlobal
